
Microsoft Visual Studio Solution File, Format Version 12.00
# Visual Studio 15
VisualStudioVersion = 15.0.27130.2010
MinimumVisualStudioVersion = 10.0.40219.1
Project("{FAE04EC0-301F-11D3-BF4B-00C04F79EFBC}") = "ClientInfoService", "ClientInfoService\ClientInfoService.csproj", "{640B1F0A-1BCB-4FB7-B401-A89C854DD734}"
EndProject
Project("{54435603-DBB4-11D2-8724-00A0C9A8B90C}") = "Setup", "Setup\Setup.vdproj", "{01D67424-8A29-4AEC-84EF-CE3866765B43}"
EndProject
Global
	GlobalSection(SolutionConfigurationPlatforms) = preSolution
		Debug|Any CPU = Debug|Any CPU
		Release|Any CPU = Release|Any CPU
	EndGlobalSection
	GlobalSection(ProjectConfigurationPlatforms) = postSolution
		{640B1F0A-1BCB-4FB7-B401-A89C854DD734}.Debug|Any CPU.ActiveCfg = Debug|Any CPU
		{640B1F0A-1BCB-4FB7-B401-A89C854DD734}.Debug|Any CPU.Build.0 = Debug|Any CPU
		{640B1F0A-1BCB-4FB7-B401-A89C854DD734}.Release|Any CPU.ActiveCfg = Release|Any CPU
		{640B1F0A-1BCB-4FB7-B401-A89C854DD734}.Release|Any CPU.Build.0 = Release|Any CPU
		{01D67424-8A29-4AEC-84EF-CE3866765B43}.Debug|Any CPU.ActiveCfg = Debug
		{01D67424-8A29-4AEC-84EF-CE3866765B43}.Release|Any CPU.ActiveCfg = Release
		{01D67424-8A29-4AEC-84EF-CE3866765B43}.Release|Any CPU.Build.0 = Release
	EndGlobalSection
	GlobalSection(SolutionProperties) = preSolution
		HideSolutionNode = FALSE
	EndGlobalSection
	GlobalSection(ExtensibilityGlobals) = postSolution
		SolutionGuid = {79A707CE-E24E-4433-95F4-4DFDCFC0D815}
	EndGlobalSection
EndGlobal
